{
  "nodes": {
    "ipv4csv": {
      "flake": false,
      "locked": {
        "narHash": "sha256-L8ExgZPSss/QpqpxmSNtRnzUYsnsnqkj1OdaJpkkuGw=",
        "type": "file",
        "url": "https://www.iana.org/assignments/locally-served-dns-zones/ipv4.csv"
      },
      "original": {
        "type": "file",
        "url": "https://www.iana.org/assignments/locally-served-dns-zones/ipv4.csv"
      }
    },
    "ipv6csv": {
      "flake": false,
      "locked": {
        "narHash": "sha256-+MFL3LbJ2/J5KkGfnv4dx+D4x47VwgUnzNimhQxQWGY=",
        "type": "file",
        "url": "https://www.iana.org/assignments/locally-served-dns-zones/ipv6.csv"
      },
      "original": {
        "type": "file",
        "url": "https://www.iana.org/assignments/locally-served-dns-zones/ipv6.csv"
      }
    },
    "jshelter": {
      "flake": false,
      "locked": {
        "lastModified": 1659112208,
        "narHash": "sha256-sGMRGMilFYvYriw72m+aEJ/1QH0WXQT6p4W0A7IMjFc=",
        "ref": "refs/heads/main",
        "rev": "30152515dbb7b1d03e036ae3c8c4d0414dc9e4c7",
        "revCount": 1524,
        "submodules": true,
        "type": "git",
        "url": "https://pagure.io/JShelter/webextension.git"
      },
      "original": {
        "submodules": true,
        "type": "git",
        "url": "https://pagure.io/JShelter/webextension.git"
      }
    },
    "nixpkgs": {
      "locked": {
        "lastModified": 1660819943,
        "narHash": "sha256-TRZV/mlW1eYuojqDC3ueYWj7jsTKXJCtyMLNYX/Ybtw=",
        "owner": "NixOS",
        "repo": "nixpkgs",
        "rev": "8ea014acc33da95ea56c902229957d8225005163",
        "type": "github"
      },
      "original": {
        "owner": "NixOS",
        "ref": "nixos-unstable",
        "repo": "nixpkgs",
        "type": "github"
      }
    },
    "root": {
      "inputs": {
        "ipv4csv": "ipv4csv",
        "ipv6csv": "ipv6csv",
        "jshelter": "jshelter",
        "nixpkgs": "nixpkgs"
      }
    }
  },
  "root": "root",
  "version": 7
}
